{
  "name": "test-vite-react",
  "version": "1.0.0",
  "lockfileVersion": 3,
  "requires": true,
  "packages": {
    "": {
      "name": "test-vite-react",
      "version": "1.0.0",
      "license": "ISC",
      "workspaces": [
        "package/ui",
        "package/bff"
      ]
    },
    "node_modules/bff": {
      "resolved": "package/bff",
      "link": true
    },
    "node_modules/ui": {
      "resolved": "package/ui",
      "link": true
    },
    "package/bff": {
      "version": "1.0.0",
      "license": "ISC"
    },
    "package/ui": {
      "version": "1.0.0",
      "license": "ISC"
    }
  }
}
